# THIS IS AN AUTOGENERATED FILE. DO NOT EDIT THIS FILE DIRECTLY.
# yarn lockfile v1


"@grammyjs/files@^1.0.2":
  version "1.0.2"
  resolved "https://registry.yarnpkg.com/@grammyjs/files/-/files-1.0.2.tgz#39b6106077df4ad25f07134157e92c34d85d4a8f"
  integrity sha512-tROxL6mXU+pfnR0EPljYJavkH75di7+fYMbJ3jl13aTgFdjTLTtjhNPHeItsiNdevkdUyVId7XCeIT8XqQWOIg==

"@grammyjs/menu@^1.0.4":
  version "1.0.4"
  resolved "https://registry.yarnpkg.com/@grammyjs/menu/-/menu-1.0.4.tgz#7667642e462d374e55ea8b623cb3c39f0ace6aec"
  integrity sha512-olBm2KtX54xiYn9IPgAITCxubgR7+4SC0FvvXfrLzXToBNX/06dAIoC7Gzp60UBXPTKsCfLzTwDLisa1aq4pQg==

"@grammyjs/runner@^1.0.3":
  version "1.0.3"
  resolved "https://registry.yarnpkg.com/@grammyjs/runner/-/runner-1.0.3.tgz#4f2d344774b3fc531a7c64ee97114da3faf342f3"
  integrity sha512-XFDnLDJbJdCcyj9UDvJ3zUvJD416t+zwx9uKKuDVvWVc819RVA6D6UuinxCIFZxVkr1YL9gPh/dm6MUeyjkqzw==
  dependencies:
    abort-controller "^3.0.0"

"@grammyjs/stateless-question@^3.0.1":
  version "3.0.1"
  resolved "https://registry.yarnpkg.com/@grammyjs/stateless-question/-/stateless-question-3.0.1.tgz#d74cd0b4dc41f2dd2c46a98780b1136eca5031b9"
  integrity sha512-9S/ff+yPxEEFpFsjiu7UjsOhETt9jruAUNcfzfTJ9FTuyIEjcMpTLT8ncpWyNE2w8tWRTLmOpXHSswPohntH7w==
  dependencies:
    "@grammyjs/types" "^2.2.6"
    telegram-format "^2.0.0"

"@grammyjs/types@^2.2.6", "@grammyjs/types@^2.4.5":
  version "2.4.5"
  resolved "https://registry.yarnpkg.com/@grammyjs/types/-/types-2.4.5.tgz#383b9bacb7313b016d85fd6f473fa224dddee272"
  integrity sha512-1n7Q+dyNLahYrDIMSTSrCgdN1+NPNbK/dL4mDOEWFinG0cJKeu509uqqHe6CNABOfaKcbujxVEqBL/DufYptOQ==

"@types/uuid@^8.3.3":
  version "8.3.3"
  resolved "https://registry.yarnpkg.com/@types/uuid/-/uuid-8.3.3.tgz#c6a60686d953dbd1b1d45e66f4ecdbd5d471b4d0"
  integrity sha512-0LbEEx1zxrYB3pgpd1M5lEhLcXjKJnYghvhTRgaBeUivLHMDM1TzF3IJ6hXU2+8uA4Xz+5BA63mtZo5DjVT8iA==

abort-controller@^3.0.0:
  version "3.0.0"
  resolved "https://registry.yarnpkg.com/abort-controller/-/abort-controller-3.0.0.tgz#eaf54d53b62bae4138e809ca225c8439a6efb392"
  integrity sha512-h8lQ8tacZYnR3vNQTgibj+tODHI5/+l06Au2Pcriv/Gmet0eaj4TwWH41sO9wnHDiQsEj19q0drzdWdeAHtweg==
  dependencies:
    event-target-shim "^5.0.0"

ansi-regex@^5.0.1:
  version "5.0.1"
  resolved "https://registry.yarnpkg.com/ansi-regex/-/ansi-regex-5.0.1.tgz#082cb2c89c9fe8659a311a53bd6a4dc5301db304"
  integrity sha512-quJQXlTSUGL2LH9SUXo8VwsY4soanhgo6LNSm84E1LBcE8s3O0wpdiRzyR9z/ZZJMlMWv37qOOb9pdJlMUEKFQ==

cross-spawn@^7.0.3:
  version "7.0.3"
  resolved "https://registry.yarnpkg.com/cross-spawn/-/cross-spawn-7.0.3.tgz#f73a85b9d5d41d045551c177e2882d4ac85728a6"
  integrity sha512-iRDPJKUPVEND7dHPO8rkbOnPpyDygcDFtWjpeWNCgy8WP2rXcxXL8TskReQl6OrB2G7+UJrags1q15Fudc7G6w==
  dependencies:
    path-key "^3.1.0"
    shebang-command "^2.0.0"
    which "^2.0.1"

debug@^4.3.3:
  version "4.3.3"
  resolved "https://registry.yarnpkg.com/debug/-/debug-4.3.3.tgz#04266e0b70a98d4462e6e288e38259213332b664"
  integrity sha512-/zxw5+vh1Tfv+4Qn7a5nsbcJKPaSvCDhojn6FEl9vupwK2VCSDtEiEtqr8DFtzYFOdz63LBkxec7DYuc2jon6Q==
  dependencies:
    ms "2.1.2"

dotenv@^10.0.0:
  version "10.0.0"
  resolved "https://registry.yarnpkg.com/dotenv/-/dotenv-10.0.0.tgz#3d4227b8fb95f81096cdd2b66653fb2c7085ba81"
  integrity sha512-rlBi9d8jpv9Sf1klPjNfFAuWDjKLwTIJJ/VxtoTwIR6hnZxcEOQCZg2oIL3MWBYw5GpUDKOEnND7LXTbIpQ03Q==

duplexer@~0.1.1:
  version "0.1.2"
  resolved "https://registry.yarnpkg.com/duplexer/-/duplexer-0.1.2.tgz#3abe43aef3835f8ae077d136ddce0f276b0400e6"
  integrity sha512-jtD6YG370ZCIi/9GTaJKQxWTZD045+4R4hTk/x1UyoqadyJ9x9CgSi1RlVDQF8U2sxLLSnFkCaMihqljHIWgMg==

event-stream@=3.3.4:
  version "3.3.4"
  resolved "https://registry.yarnpkg.com/event-stream/-/event-stream-3.3.4.tgz#4ab4c9a0f5a54db9338b4c34d86bfce8f4b35571"
  integrity sha1-SrTJoPWlTbkzi0w02Gv86PSzVXE=
  dependencies:
    duplexer "~0.1.1"
    from "~0"
    map-stream "~0.1.0"
    pause-stream "0.0.11"
    split "0.3"
    stream-combiner "~0.0.4"
    through "~2.3.1"

event-target-shim@^5.0.0:
  version "5.0.1"
  resolved "https://registry.yarnpkg.com/event-target-shim/-/event-target-shim-5.0.1.tgz#5d4d3ebdf9583d63a5333ce2deb7480ab2b05789"
  integrity sha512-i/2XbnSz/uxRCU6+NdVJgKWDTM427+MqYbkQzD321DuCQJUqOuJKIA0IM2+W2xtYHdKOmZ4dR6fExsd4SXL+WQ==

from@~0:
  version "0.1.7"
  resolved "https://registry.yarnpkg.com/from/-/from-0.1.7.tgz#83c60afc58b9c56997007ed1a768b3ab303a44fe"
  integrity sha1-g8YK/Fi5xWmXAH7Rp2izqzA6RP4=

grammy@^1.5.3:
  version "1.5.3"
  resolved "https://registry.yarnpkg.com/grammy/-/grammy-1.5.3.tgz#0a3e6f0959736d15c856acf87575082fa3f62991"
  integrity sha512-QHKhyzNpBAy/d75R0zOgVAfxKhok3YhJbzm1s8n2wtT8CvV43SBF++a9SdOM0dx73rMT9dncSeATy6Jp5fVKnw==
  dependencies:
    "@grammyjs/types" "^2.4.5"
    abort-controller "^3.0.0"
    debug "^4.3.3"
    node-fetch "^2.6.5"

isexe@^2.0.0:
  version "2.0.0"
  resolved "https://registry.yarnpkg.com/isexe/-/isexe-2.0.0.tgz#e8fbf374dc556ff8947a10dcb0572d633f2cfa10"
  integrity sha1-6PvzdNxVb/iUehDcsFctYz8s+hA=

map-stream@~0.1.0:
  version "0.1.0"
  resolved "https://registry.yarnpkg.com/map-stream/-/map-stream-0.1.0.tgz#e56aa94c4c8055a16404a0674b78f215f7c8e194"
  integrity sha1-5WqpTEyAVaFkBKBnS3jyFffI4ZQ=

ms@2.1.2:
  version "2.1.2"
  resolved "https://registry.yarnpkg.com/ms/-/ms-2.1.2.tgz#d09d1f357b443f493382a8eb3ccd183872ae6009"
  integrity sha512-sGkPx+VjMtmA6MX27oA4FBFELFCZZ4S4XqeGOXCv68tT+jb3vk/RyaKWP0PTKyWtmLSM0b+adUTEvbs1PEaH2w==

node-cleanup@^2.1.2:
  version "2.1.2"
  resolved "https://registry.yarnpkg.com/node-cleanup/-/node-cleanup-2.1.2.tgz#7ac19abd297e09a7f72a71545d951b517e4dde2c"
  integrity sha1-esGavSl+Caf3KnFUXZUbUX5N3iw=

node-fetch@^2.6.5:
  version "2.6.6"
  resolved "https://registry.yarnpkg.com/node-fetch/-/node-fetch-2.6.6.tgz#1751a7c01834e8e1697758732e9efb6eeadfaf89"
  integrity sha512-Z8/6vRlTUChSdIgMa51jxQ4lrw/Jy5SOW10ObaA47/RElsAN2c5Pn8bTgFGWn/ibwzXTE8qwr1Yzx28vsecXEA==
  dependencies:
    whatwg-url "^5.0.0"

path-key@^3.1.0:
  version "3.1.1"
  resolved "https://registry.yarnpkg.com/path-key/-/path-key-3.1.1.tgz#581f6ade658cbba65a0d3380de7753295054f375"
  integrity sha512-ojmeN0qd+y0jszEtoY48r0Peq5dwMEkIlCOu6Q5f41lfkswXuKtYrhgoTpLnyIcHm24Uhqx+5Tqm2InSwLhE6Q==

pause-stream@0.0.11:
  version "0.0.11"
  resolved "https://registry.yarnpkg.com/pause-stream/-/pause-stream-0.0.11.tgz#fe5a34b0cbce12b5aa6a2b403ee2e73b602f1445"
  integrity sha1-/lo0sMvOErWqaitAPuLnO2AvFEU=
  dependencies:
    through "~2.3"

ps-tree@^1.2.0:
  version "1.2.0"
  resolved "https://registry.yarnpkg.com/ps-tree/-/ps-tree-1.2.0.tgz#5e7425b89508736cdd4f2224d028f7bb3f722ebd"
  integrity sha512-0VnamPPYHl4uaU/nSFeZZpR21QAWRz+sRv4iW9+v/GS/J5U5iZB5BNN6J0RMoOvdx2gWM2+ZFMIm58q24e4UYA==
  dependencies:
    event-stream "=3.3.4"

shebang-command@^2.0.0:
  version "2.0.0"
  resolved "https://registry.yarnpkg.com/shebang-command/-/shebang-command-2.0.0.tgz#ccd0af4f8835fbdc265b82461aaf0c36663f34ea"
  integrity sha512-kHxr2zZpYtdmrN1qDjrrX/Z1rR1kG8Dx+gkpK1G4eXmvXswmcE1hTWBWYUzlraYw1/yZp6YuDY77YtvbN0dmDA==
  dependencies:
    shebang-regex "^3.0.0"

shebang-regex@^3.0.0:
  version "3.0.0"
  resolved "https://registry.yarnpkg.com/shebang-regex/-/shebang-regex-3.0.0.tgz#ae16f1644d873ecad843b0307b143362d4c42172"
  integrity sha512-7++dFhtcx3353uBaq8DDR4NuxBetBzC7ZQOhmTQInHEd6bSrXdiEyzCvG07Z44UYdLShWUyXt5M/yhz8ekcb1A==

split@0.3:
  version "0.3.3"
  resolved "https://registry.yarnpkg.com/split/-/split-0.3.3.tgz#cd0eea5e63a211dfff7eb0f091c4133e2d0dd28f"
  integrity sha1-zQ7qXmOiEd//frDwkcQTPi0N0o8=
  dependencies:
    through "2"

stream-combiner@~0.0.4:
  version "0.0.4"
  resolved "https://registry.yarnpkg.com/stream-combiner/-/stream-combiner-0.0.4.tgz#4d5e433c185261dde623ca3f44c586bcf5c4ad14"
  integrity sha1-TV5DPBhSYd3mI8o/RMWGvPXErRQ=
  dependencies:
    duplexer "~0.1.1"

string-argv@^0.1.1:
  version "0.1.2"
  resolved "https://registry.yarnpkg.com/string-argv/-/string-argv-0.1.2.tgz#c5b7bc03fb2b11983ba3a72333dd0559e77e4738"
  integrity sha512-mBqPGEOMNJKXRo7z0keX0wlAhbBAjilUdPW13nN0PecVryZxdHIeM7TqbsSUA7VYuS00HGC6mojP7DlQzfa9ZA==

strip-ansi@^6.0.0:
  version "6.0.1"
  resolved "https://registry.yarnpkg.com/strip-ansi/-/strip-ansi-6.0.1.tgz#9e26c63d30f53443e9489495b2105d37b67a85d9"
  integrity sha512-Y38VPSHcqkFrCpFnQ9vuSXmquuv5oXOKpGeT6aGrr3o3Gc9AlVa6JBfUSOCnbxGGZF+/0ooI7KrPuUSztUdU5A==
  dependencies:
    ansi-regex "^5.0.1"

telegraf-middleware-console-time@^2.1.0:
  version "2.1.0"
  resolved "https://registry.yarnpkg.com/telegraf-middleware-console-time/-/telegraf-middleware-console-time-2.1.0.tgz#9f3ddcfc1117d783e33fc44e07088d78e9b74288"
  integrity sha512-qHe5MlSPy6+v2OJ01M0breFDdPhXpCyYvUuGNyDfYrDssDFauAbl7pQAXFGqTQYtKerZsJEyueiHGQisfT1P7Q==

telegram-format@^2.0.0:
  version "2.0.2"
  resolved "https://registry.yarnpkg.com/telegram-format/-/telegram-format-2.0.2.tgz#f0ef223f4a81c180f823622499b408c6593a1133"
  integrity sha512-OE0SHR8pINftjFt01QfHq+Ujedbqna5CInw+PwdbS1/ySrvIBhPZSGo7uas6ktaPv0mnoPKNJR+seouOSXFZiA==

through@2, through@~2.3, through@~2.3.1:
  version "2.3.8"
  resolved "https://registry.yarnpkg.com/through/-/through-2.3.8.tgz#0dd4c9ffaabc357960b1b724115d7e0e86a2e1f5"
  integrity sha1-DdTJ/6q8NXlgsbckEV1+Doai4fU=

tr46@~0.0.3:
  version "0.0.3"
  resolved "https://registry.yarnpkg.com/tr46/-/tr46-0.0.3.tgz#8184fd347dac9cdc185992f3a6622e14b9d9ab6a"
  integrity sha1-gYT9NH2snNwYWZLzpmIuFLnZq2o=

tsc-watch@^4.5.0:
  version "4.5.0"
  resolved "https://registry.yarnpkg.com/tsc-watch/-/tsc-watch-4.5.0.tgz#d6884b932822b2c2ccd37f1c1f3748304566a474"
  integrity sha512-aXhN4jY+1YEcn/NwCQ/+fHqU43EqOpW+pS+933EPsVEsrKhvyrodPDIjQsk1a1niFrabAK3RIBrRbAslVefEbQ==
  dependencies:
    cross-spawn "^7.0.3"
    node-cleanup "^2.1.2"
    ps-tree "^1.2.0"
    string-argv "^0.1.1"
    strip-ansi "^6.0.0"

typescript@^4.6.0-dev.20211215:
  version "4.6.0-dev.20211215"
  resolved "https://registry.yarnpkg.com/typescript/-/typescript-4.6.0-dev.20211215.tgz#2551fbcf8ca60fec8e9175ce2fe8f76b985bebec"
  integrity sha512-9RBON97pZEzPN4v26Fr+nMCoosXl/cz6131jJ6fhB2Cd5mD1WtVf7RnfcJEKBksFUPpmwADmw9XqqYFm85h83w==

uuid@^8.3.2:
  version "8.3.2"
  resolved "https://registry.yarnpkg.com/uuid/-/uuid-8.3.2.tgz#80d5b5ced271bb9af6c445f21a1a04c606cefbe2"
  integrity sha512-+NYs2QeMWy+GWFOEm9xnn6HCDp0l7QBD7ml8zLUmJ+93Q5NF0NocErnwkTkXVFNiX3/fpC6afS8Dhb/gz7R7eg==

webidl-conversions@^3.0.0:
  version "3.0.1"
  resolved "https://registry.yarnpkg.com/webidl-conversions/-/webidl-conversions-3.0.1.tgz#24534275e2a7bc6be7bc86611cc16ae0a5654871"
  integrity sha1-JFNCdeKnvGvnvIZhHMFq4KVlSHE=

whatwg-url@^5.0.0:
  version "5.0.0"
  resolved "https://registry.yarnpkg.com/whatwg-url/-/whatwg-url-5.0.0.tgz#966454e8765462e37644d3626f6742ce8b70965d"
  integrity sha1-lmRU6HZUYuN2RNNib2dCzotwll0=
  dependencies:
    tr46 "~0.0.3"
    webidl-conversions "^3.0.0"

which@^2.0.1:
  version "2.0.2"
  resolved "https://registry.yarnpkg.com/which/-/which-2.0.2.tgz#7c6a8dd0a636a0327e10b59c9286eee93f3f51b1"
  integrity sha512-BLI3Tl1TW3Pvl70l3yq3Y64i+awpwXqsGBYWkkqMtnbXgrMD+yj7rhW0kuEDxzJaYXGjEW5ogapKNMEKNMjibA==
  dependencies:
    isexe "^2.0.0"
